
Microsoft Visual Studio Solution File, Format Version 12.00
# Visual Studio Version 16
VisualStudioVersion = 16.0.29318.209
MinimumVisualStudioVersion = 10.0.40219.1
Project("{FAE04EC0-301F-11D3-BF4B-00C04F79EFBC}") = "HelpDeskApplicationWeb", "HelpDeskApplicationWeb\HelpDeskApplicationWeb.csproj", "{C96F3E88-51C8-415A-91F4-E897FFCFE2F9}"
EndProject
Global
	GlobalSection(SolutionConfigurationPlatforms) = preSolution
		Debug|Any CPU = Debug|Any CPU
		Release|Any CPU = Release|Any CPU
	EndGlobalSection
	GlobalSection(ProjectConfigurationPlatforms) = postSolution
		{C96F3E88-51C8-415A-91F4-E897FFCFE2F9}.Debug|Any CPU.ActiveCfg = Debug|Any CPU
		{C96F3E88-51C8-415A-91F4-E897FFCFE2F9}.Debug|Any CPU.Build.0 = Debug|Any CPU
		{C96F3E88-51C8-415A-91F4-E897FFCFE2F9}.Release|Any CPU.ActiveCfg = Release|Any CPU
		{C96F3E88-51C8-415A-91F4-E897FFCFE2F9}.Release|Any CPU.Build.0 = Release|Any CPU
	EndGlobalSection
	GlobalSection(SolutionProperties) = preSolution
		HideSolutionNode = FALSE
	EndGlobalSection
	GlobalSection(ExtensibilityGlobals) = postSolution
		SolutionGuid = {258BFF1B-B812-4CB4-BA7C-4102EA98ADC4}
	EndGlobalSection
EndGlobal
